
Microsoft Visual Studio Solution File, Format Version 12.00
# Visual Studio 15
VisualStudioVersion = 15.0.26730.16
MinimumVisualStudioVersion = 10.0.40219.1
Project("{9A19103F-16F7-4668-BE54-9A1E7A4F7556}") = "decliner", "auto_decliner\decliner.csproj", "{F16CF1C7-D103-46BB-A78A-CDEE501F96B5}"
EndProject
Project("{9A19103F-16F7-4668-BE54-9A1E7A4F7556}") = "cli", "cli\cli.csproj", "{AD7F0792-0F5E-42A9-B51C-110610B8E57A}"
EndProject
Project("{9A19103F-16F7-4668-BE54-9A1E7A4F7556}") = "api", "api\api.csproj", "{58E247FA-6933-4B41-A33C-E5D28339C8B0}"
EndProject
Global
	GlobalSection(SolutionConfigurationPlatforms) = preSolution
		Debug|Any CPU = Debug|Any CPU
		Release|Any CPU = Release|Any CPU
	EndGlobalSection
	GlobalSection(ProjectConfigurationPlatforms) = postSolution
		{F16CF1C7-D103-46BB-A78A-CDEE501F96B5}.Debug|Any CPU.ActiveCfg = Debug|Any CPU
		{F16CF1C7-D103-46BB-A78A-CDEE501F96B5}.Debug|Any CPU.Build.0 = Debug|Any CPU
		{F16CF1C7-D103-46BB-A78A-CDEE501F96B5}.Release|Any CPU.ActiveCfg = Release|Any CPU
		{F16CF1C7-D103-46BB-A78A-CDEE501F96B5}.Release|Any CPU.Build.0 = Release|Any CPU
		{AD7F0792-0F5E-42A9-B51C-110610B8E57A}.Debug|Any CPU.ActiveCfg = Debug|Any CPU
		{AD7F0792-0F5E-42A9-B51C-110610B8E57A}.Debug|Any CPU.Build.0 = Debug|Any CPU
		{AD7F0792-0F5E-42A9-B51C-110610B8E57A}.Release|Any CPU.ActiveCfg = Release|Any CPU
		{AD7F0792-0F5E-42A9-B51C-110610B8E57A}.Release|Any CPU.Build.0 = Release|Any CPU
		{58E247FA-6933-4B41-A33C-E5D28339C8B0}.Debug|Any CPU.ActiveCfg = Debug|Any CPU
		{58E247FA-6933-4B41-A33C-E5D28339C8B0}.Debug|Any CPU.Build.0 = Debug|Any CPU
		{58E247FA-6933-4B41-A33C-E5D28339C8B0}.Release|Any CPU.ActiveCfg = Release|Any CPU
		{58E247FA-6933-4B41-A33C-E5D28339C8B0}.Release|Any CPU.Build.0 = Release|Any CPU
	EndGlobalSection
	GlobalSection(SolutionProperties) = preSolution
		HideSolutionNode = FALSE
	EndGlobalSection
	GlobalSection(ExtensibilityGlobals) = postSolution
		SolutionGuid = {3133B476-B897-475C-B139-0054F99845A8}
	EndGlobalSection
EndGlobal
